
Microsoft Visual Studio Solution File, Format Version 12.00
# Visual Studio Version 17
VisualStudioVersion = 17.0.32112.339
MinimumVisualStudioVersion = 10.0.40219.1
Project("{2150E333-8FDC-42A3-9474-1A3956D46DE8}") = "Domain", "Domain", "{A73952C0-828C-42FC-B101-709E7B460FB6}"
EndProject
Project("{2150E333-8FDC-42A3-9474-1A3956D46DE8}") = "Infrastructure", "Infrastructure", "{BC026425-C02C-42B6-B493-4227122C139A}"
EndProject
Project("{2150E333-8FDC-42A3-9474-1A3956D46DE8}") = "Services", "Services", "{260ED7D6-47C9-4A08-AD8A-4B846938C2AB}"
EndProject
Project("{2150E333-8FDC-42A3-9474-1A3956D46DE8}") = "Presentation", "Presentation", "{EC10E575-EBDF-4143-B772-BDFAC0403959}"
EndProject
Project("{9A19103F-16F7-4668-BE54-9A1E7A4F7556}") = "Tiui.Entities", "Tiui.Entities\Tiui.Entities.csproj", "{FD9F0CC2-C3B5-4C5D-ADBE-CB0155EC627D}"
EndProject
Project("{9A19103F-16F7-4668-BE54-9A1E7A4F7556}") = "Tiui.Application", "Tiui.Application\Tiui.Application.csproj", "{CC9693C7-96BC-415C-8ADA-7907E55283A1}"
EndProject
Project("{9A19103F-16F7-4668-BE54-9A1E7A4F7556}") = "Tiui.Data", "Tiui.Data\Tiui.Data.csproj", "{FBC78D4C-A43B-4B59-8B52-C41B9E3069DD}"
EndProject
Project("{9A19103F-16F7-4668-BE54-9A1E7A4F7556}") = "Tiui.Services", "Tiui.Services\Tiui.Services.csproj", "{1C98089C-2040-404E-B8A0-243AC21A9FCC}"
EndProject
Project("{9A19103F-16F7-4668-BE54-9A1E7A4F7556}") = "Tiui.Api", "Tiui.Api\Tiui.Api.csproj", "{5C22BC6C-A74E-43F3-89C6-311C63977B21}"
EndProject
Project("{9A19103F-16F7-4668-BE54-9A1E7A4F7556}") = "Tiui.Reports", "Tiui.Reports\Tiui.Reports.csproj", "{4FC23169-BD7D-4809-A5AC-283C597954BE}"
EndProject
Project("{9A19103F-16F7-4668-BE54-9A1E7A4F7556}") = "Tiui.Security", "Tiui.Security\Tiui.Security.csproj", "{2B24E182-2535-42A8-8757-B2A990DF397D}"
EndProject
Project("{9A19103F-16F7-4668-BE54-9A1E7A4F7556}") = "Tiui.Mailing", "Tiui.Mailing\Tiui.Mailing.csproj", "{55DD9A0B-4E98-4830-8A86-518A69DCF956}"
EndProject
Project("{9A19103F-16F7-4668-BE54-9A1E7A4F7556}") = "Tiui.Patterns", "Tiui.Patterns\Tiui.Patterns.csproj", "{6084E9A7-9375-45DF-A3C1-D458537E5A36}"
EndProject
Project("{9A19103F-16F7-4668-BE54-9A1E7A4F7556}") = "Tiui.Utils", "Tiui.Utils\Tiui.Utils.csproj", "{AD92D64C-557E-4F8E-B7ED-C5354D2C798D}"
EndProject
Project("{FAE04EC0-301F-11D3-BF4B-00C04F79EFBC}") = "Tiui.Files", "Tiui.Files\Tiui.Files.csproj", "{BB769FC4-FD9C-4D1F-9193-9B14F3B9F4AF}"
EndProject
Global
	GlobalSection(SolutionConfigurationPlatforms) = preSolution
		Debug|Any CPU = Debug|Any CPU
		Release|Any CPU = Release|Any CPU
	EndGlobalSection
	GlobalSection(ProjectConfigurationPlatforms) = postSolution
		{FD9F0CC2-C3B5-4C5D-ADBE-CB0155EC627D}.Debug|Any CPU.ActiveCfg = Debug|Any CPU
		{FD9F0CC2-C3B5-4C5D-ADBE-CB0155EC627D}.Debug|Any CPU.Build.0 = Debug|Any CPU
		{FD9F0CC2-C3B5-4C5D-ADBE-CB0155EC627D}.Release|Any CPU.ActiveCfg = Release|Any CPU
		{FD9F0CC2-C3B5-4C5D-ADBE-CB0155EC627D}.Release|Any CPU.Build.0 = Release|Any CPU
		{CC9693C7-96BC-415C-8ADA-7907E55283A1}.Debug|Any CPU.ActiveCfg = Debug|Any CPU
		{CC9693C7-96BC-415C-8ADA-7907E55283A1}.Debug|Any CPU.Build.0 = Debug|Any CPU
		{CC9693C7-96BC-415C-8ADA-7907E55283A1}.Release|Any CPU.ActiveCfg = Release|Any CPU
		{CC9693C7-96BC-415C-8ADA-7907E55283A1}.Release|Any CPU.Build.0 = Release|Any CPU
		{FBC78D4C-A43B-4B59-8B52-C41B9E3069DD}.Debug|Any CPU.ActiveCfg = Debug|Any CPU
		{FBC78D4C-A43B-4B59-8B52-C41B9E3069DD}.Debug|Any CPU.Build.0 = Debug|Any CPU
		{FBC78D4C-A43B-4B59-8B52-C41B9E3069DD}.Release|Any CPU.ActiveCfg = Release|Any CPU
		{FBC78D4C-A43B-4B59-8B52-C41B9E3069DD}.Release|Any CPU.Build.0 = Release|Any CPU
		{1C98089C-2040-404E-B8A0-243AC21A9FCC}.Debug|Any CPU.ActiveCfg = Debug|Any CPU
		{1C98089C-2040-404E-B8A0-243AC21A9FCC}.Debug|Any CPU.Build.0 = Debug|Any CPU
		{1C98089C-2040-404E-B8A0-243AC21A9FCC}.Release|Any CPU.ActiveCfg = Release|Any CPU
		{1C98089C-2040-404E-B8A0-243AC21A9FCC}.Release|Any CPU.Build.0 = Release|Any CPU
		{5C22BC6C-A74E-43F3-89C6-311C63977B21}.Debug|Any CPU.ActiveCfg = Debug|Any CPU
		{5C22BC6C-A74E-43F3-89C6-311C63977B21}.Debug|Any CPU.Build.0 = Debug|Any CPU
		{5C22BC6C-A74E-43F3-89C6-311C63977B21}.Release|Any CPU.ActiveCfg = Release|Any CPU
		{5C22BC6C-A74E-43F3-89C6-311C63977B21}.Release|Any CPU.Build.0 = Release|Any CPU
		{4FC23169-BD7D-4809-A5AC-283C597954BE}.Debug|Any CPU.ActiveCfg = Debug|Any CPU
		{4FC23169-BD7D-4809-A5AC-283C597954BE}.Debug|Any CPU.Build.0 = Debug|Any CPU
		{4FC23169-BD7D-4809-A5AC-283C597954BE}.Release|Any CPU.ActiveCfg = Release|Any CPU
		{4FC23169-BD7D-4809-A5AC-283C597954BE}.Release|Any CPU.Build.0 = Release|Any CPU
		{2B24E182-2535-42A8-8757-B2A990DF397D}.Debug|Any CPU.ActiveCfg = Debug|Any CPU
		{2B24E182-2535-42A8-8757-B2A990DF397D}.Debug|Any CPU.Build.0 = Debug|Any CPU
		{2B24E182-2535-42A8-8757-B2A990DF397D}.Release|Any CPU.ActiveCfg = Release|Any CPU
		{2B24E182-2535-42A8-8757-B2A990DF397D}.Release|Any CPU.Build.0 = Release|Any CPU
		{55DD9A0B-4E98-4830-8A86-518A69DCF956}.Debug|Any CPU.ActiveCfg = Debug|Any CPU
		{55DD9A0B-4E98-4830-8A86-518A69DCF956}.Debug|Any CPU.Build.0 = Debug|Any CPU
		{55DD9A0B-4E98-4830-8A86-518A69DCF956}.Release|Any CPU.ActiveCfg = Release|Any CPU
		{55DD9A0B-4E98-4830-8A86-518A69DCF956}.Release|Any CPU.Build.0 = Release|Any CPU
		{6084E9A7-9375-45DF-A3C1-D458537E5A36}.Debug|Any CPU.ActiveCfg = Debug|Any CPU
		{6084E9A7-9375-45DF-A3C1-D458537E5A36}.Debug|Any CPU.Build.0 = Debug|Any CPU
		{6084E9A7-9375-45DF-A3C1-D458537E5A36}.Release|Any CPU.ActiveCfg = Release|Any CPU
		{6084E9A7-9375-45DF-A3C1-D458537E5A36}.Release|Any CPU.Build.0 = Release|Any CPU
		{AD92D64C-557E-4F8E-B7ED-C5354D2C798D}.Debug|Any CPU.ActiveCfg = Debug|Any CPU
		{AD92D64C-557E-4F8E-B7ED-C5354D2C798D}.Debug|Any CPU.Build.0 = Debug|Any CPU
		{AD92D64C-557E-4F8E-B7ED-C5354D2C798D}.Release|Any CPU.ActiveCfg = Release|Any CPU
		{AD92D64C-557E-4F8E-B7ED-C5354D2C798D}.Release|Any CPU.Build.0 = Release|Any CPU
		{BB769FC4-FD9C-4D1F-9193-9B14F3B9F4AF}.Debug|Any CPU.ActiveCfg = Debug|Any CPU
		{BB769FC4-FD9C-4D1F-9193-9B14F3B9F4AF}.Debug|Any CPU.Build.0 = Debug|Any CPU
		{BB769FC4-FD9C-4D1F-9193-9B14F3B9F4AF}.Release|Any CPU.ActiveCfg = Release|Any CPU
		{BB769FC4-FD9C-4D1F-9193-9B14F3B9F4AF}.Release|Any CPU.Build.0 = Release|Any CPU
	EndGlobalSection
	GlobalSection(SolutionProperties) = preSolution
		HideSolutionNode = FALSE
	EndGlobalSection
	GlobalSection(NestedProjects) = preSolution
		{FD9F0CC2-C3B5-4C5D-ADBE-CB0155EC627D} = {A73952C0-828C-42FC-B101-709E7B460FB6}
		{CC9693C7-96BC-415C-8ADA-7907E55283A1} = {A73952C0-828C-42FC-B101-709E7B460FB6}
		{FBC78D4C-A43B-4B59-8B52-C41B9E3069DD} = {BC026425-C02C-42B6-B493-4227122C139A}
		{1C98089C-2040-404E-B8A0-243AC21A9FCC} = {260ED7D6-47C9-4A08-AD8A-4B846938C2AB}
		{5C22BC6C-A74E-43F3-89C6-311C63977B21} = {EC10E575-EBDF-4143-B772-BDFAC0403959}
		{4FC23169-BD7D-4809-A5AC-283C597954BE} = {EC10E575-EBDF-4143-B772-BDFAC0403959}
		{2B24E182-2535-42A8-8757-B2A990DF397D} = {BC026425-C02C-42B6-B493-4227122C139A}
		{55DD9A0B-4E98-4830-8A86-518A69DCF956} = {BC026425-C02C-42B6-B493-4227122C139A}
		{6084E9A7-9375-45DF-A3C1-D458537E5A36} = {A73952C0-828C-42FC-B101-709E7B460FB6}
		{AD92D64C-557E-4F8E-B7ED-C5354D2C798D} = {A73952C0-828C-42FC-B101-709E7B460FB6}
		{BB769FC4-FD9C-4D1F-9193-9B14F3B9F4AF} = {BC026425-C02C-42B6-B493-4227122C139A}
	EndGlobalSection
	GlobalSection(ExtensibilityGlobals) = postSolution
		SolutionGuid = {136EEEE5-134E-43CD-8574-AE0F67EC1B78}
	EndGlobalSection
EndGlobal
